
Microsoft Visual Studio Solution File, Format Version 12.00
# Visual Studio Version 17
VisualStudioVersion = 17.1.32319.34
MinimumVisualStudioVersion = 10.0.40219.1
Project("{9A19103F-16F7-4668-BE54-9A1E7A4F7556}") = "WebApiAutores", "WebApiAutores\WebApiAutores.csproj", "{0F897409-DE48-43D3-9305-3FDA97F6B470}"
EndProject
Project("{FAE04EC0-301F-11D3-BF4B-00C04F79EFBC}") = "WebAPIAutores.Tests", "WebAPIAutores.Tests\WebAPIAutores.Tests.csproj", "{3783C345-ED71-463C-8E09-1FFDA17FA896}"
EndProject
Global
	GlobalSection(SolutionConfigurationPlatforms) = preSolution
		Debug|Any CPU = Debug|Any CPU
		Release|Any CPU = Release|Any CPU
	EndGlobalSection
	GlobalSection(ProjectConfigurationPlatforms) = postSolution
		{0F897409-DE48-43D3-9305-3FDA97F6B470}.Debug|Any CPU.ActiveCfg = Debug|Any CPU
		{0F897409-DE48-43D3-9305-3FDA97F6B470}.Debug|Any CPU.Build.0 = Debug|Any CPU
		{0F897409-DE48-43D3-9305-3FDA97F6B470}.Release|Any CPU.ActiveCfg = Release|Any CPU
		{0F897409-DE48-43D3-9305-3FDA97F6B470}.Release|Any CPU.Build.0 = Release|Any CPU
		{3783C345-ED71-463C-8E09-1FFDA17FA896}.Debug|Any CPU.ActiveCfg = Debug|Any CPU
		{3783C345-ED71-463C-8E09-1FFDA17FA896}.Debug|Any CPU.Build.0 = Debug|Any CPU
		{3783C345-ED71-463C-8E09-1FFDA17FA896}.Release|Any CPU.ActiveCfg = Release|Any CPU
		{3783C345-ED71-463C-8E09-1FFDA17FA896}.Release|Any CPU.Build.0 = Release|Any CPU
	EndGlobalSection
	GlobalSection(SolutionProperties) = preSolution
		HideSolutionNode = FALSE
	EndGlobalSection
	GlobalSection(ExtensibilityGlobals) = postSolution
		SolutionGuid = {5213FE37-3F62-4041-B7D3-8B17B7C6589A}
	EndGlobalSection
EndGlobal
